schema: '2.0'
stages:
  data_collection:
    cmd: python src/data/data_collection.py
    deps:
    - path: src/data/data_collection.py
      hash: md5
      md5: 2641e7791ddfb1ed28871bbb19f21084
      size: 2391
    params:
      params.yaml:
        data_collection.test_size: 0.2
    outs:
    - path: data/raw
      hash: md5
      md5: 7865f53a1fca38fd6ebadae35d173cfa.dir
      size: 333723
      nfiles: 2
  preprocessing:
    cmd: python src/data/data_prep.py
    deps:
    - path: data/raw
      hash: md5
      md5: 7865f53a1fca38fd6ebadae35d173cfa.dir
      size: 333723
      nfiles: 2
    - path: src/data/data_prep.py
      hash: md5
      md5: ae88201a0e1bfdc6a50a87c8aaf1d9fe
      size: 2073
    outs:
    - path: data/processed
      hash: md5
      md5: 4f1e805bff34c6166a90be59dc764ef4.dir
      size: 349634
      nfiles: 2
  model_building:
    cmd: python src/model/model_building.py
    deps:
    - path: data/processed
      hash: md5
      md5: 4f1e805bff34c6166a90be59dc764ef4.dir
      size: 349634
      nfiles: 2
    - path: src/model/model_building.py
      hash: md5
      md5: 2d1efec5fe2fd92363c55f24151ee249
      size: 2383
    params:
      params.yaml:
        model_building.n_estimators: 1000
    outs:
    - path: models/model.pkl
      hash: md5
      md5: 3dc19f546aebbb33a251084c5661079e
      size: 47425121
  model_eval:
    cmd: python src/model/model_eval.py
    deps:
    - path: models/model.pkl
      hash: md5
      md5: 3dc19f546aebbb33a251084c5661079e
      size: 47425121
    - path: src/model/model_eval.py
      hash: md5
      md5: 853e74452a8ab4ab1bf05a31593757f5
      size: 2731
    outs:
    - path: reports/metrics.json
      hash: md5
      md5: a5baf2af35b33fbda1eae8d36fd28298
      size: 414
